// !$*UTF8*$!
{
	archiveVersion = 1;
	classes = {
	};
	objectVersion = 55;
	objects = {

/* Begin PBXBuildFile section */
		D591A3002868CF37004BB5AD /* ProjectFox_1 WatchKit App.app in Embed Watch Content */ = {isa = PBXBuildFile; fileRef = D591A2FF2868CF37004BB5AD /* ProjectFox_1 WatchKit App.app */; settings = {ATTRIBUTES = (RemoveHeadersOnCopy, ); }; };
		D591A3062868CF37004BB5AD /* Interface.storyboard in Resources */ = {isa = PBXBuildFile; fileRef = D591A3042868CF37004BB5AD /* Interface.storyboard */; };
		D591A3082868CF38004BB5AD /* Assets.xcassets in Resources */ = {isa = PBXBuildFile; fileRef = D591A3072868CF38004BB5AD /* Assets.xcassets */; };
		D591A30E2868CF38004BB5AD /* ProjectFox_1 WatchKit Extension.appex in Embed App Extensions */ = {isa = PBXBuildFile; fileRef = D591A30D2868CF38004BB5AD /* ProjectFox_1 WatchKit Extension.appex */; settings = {ATTRIBUTES = (RemoveHeadersOnCopy, ); }; };
		D591A3132868CF38004BB5AD /* InterfaceController.swift in Sources */ = {isa = PBXBuildFile; fileRef = D591A3122868CF38004BB5AD /* InterfaceController.swift */; };
		D591A3152868CF38004BB5AD /* ExtensionDelegate.swift in Sources */ = {isa = PBXBuildFile; fileRef = D591A3142868CF38004BB5AD /* ExtensionDelegate.swift */; };
		D591A3172868CF38004BB5AD /* NotificationController.swift in Sources */ = {isa = PBXBuildFile; fileRef = D591A3162868CF38004BB5AD /* NotificationController.swift */; };
		D591A3192868CF38004BB5AD /* ComplicationController.swift in Sources */ = {isa = PBXBuildFile; fileRef = D591A3182868CF38004BB5AD /* ComplicationController.swift */; };
		D591A31B2868CF3A004BB5AD /* Assets.xcassets in Resources */ = {isa = PBXBuildFile; fileRef = D591A31A2868CF3A004BB5AD /* Assets.xcassets */; };
/* End PBXBuildFile section */

/* Begin PBXContainerItemProxy section */
		D591A3012868CF37004BB5AD /* PBXContainerItemProxy */ = {
			isa = PBXContainerItemProxy;
			containerPortal = D591A2F52868CF37004BB5AD /* Project object */;
			proxyType = 1;
			remoteGlobalIDString = D591A2FE2868CF37004BB5AD;
			remoteInfo = "ProjectFox_1 WatchKit App";
		};
		D591A30F2868CF38004BB5AD /* PBXContainerItemProxy */ = {
			isa = PBXContainerItemProxy;
			containerPortal = D591A2F52868CF37004BB5AD /* Project object */;
			proxyType = 1;
			remoteGlobalIDString = D591A30C2868CF38004BB5AD;
			remoteInfo = "ProjectFox_1 WatchKit Extension";
		};
/* End PBXContainerItemProxy section */

/* Begin PBXCopyFilesBuildPhase section */
		D591A3232868CF3A004BB5AD /* Embed App Extensions */ = {
			isa = PBXCopyFilesBuildPhase;
			buildActionMask = 2147483647;
			dstPath = "";
			dstSubfolderSpec = 13;
			files = (
				D591A30E2868CF38004BB5AD /* ProjectFox_1 WatchKit Extension.appex in Embed App Extensions */,
			);
			name = "Embed App Extensions";
			runOnlyForDeploymentPostprocessing = 0;
		};
		D591A3272868CF3A004BB5AD /* Embed Watch Content */ = {
			isa = PBXCopyFilesBuildPhase;
			buildActionMask = 2147483647;
			dstPath = "$(CONTENTS_FOLDER_PATH)/Watch";
			dstSubfolderSpec = 16;
			files = (
				D591A3002868CF37004BB5AD /* ProjectFox_1 WatchKit App.app in Embed Watch Content */,
			);
			name = "Embed Watch Content";
			runOnlyForDeploymentPostprocessing = 0;
		};
/* End PBXCopyFilesBuildPhase section */

/* Begin PBXFileReference section */
		D591A2FB2868CF37004BB5AD /* ProjectFox_1.app */ = {isa = PBXFileReference; explicitFileType = wrapper.application; includeInIndex = 0; path = ProjectFox_1.app; sourceTree = BUILT_PRODUCTS_DIR; };
		D591A2FF2868CF37004BB5AD /* ProjectFox_1 WatchKit App.app */ = {isa = PBXFileReference; explicitFileType = wrapper.application; includeInIndex = 0; path = "ProjectFox_1 WatchKit App.app"; sourceTree = BUILT_PRODUCTS_DIR; };
		D591A3052868CF37004BB5AD /* Base */ = {isa = PBXFileReference; lastKnownFileType = file.storyboard; name = Base; path = Base.lproj/Interface.storyboard; sourceTree = "<group>"; };
		D591A3072868CF38004BB5AD /* Assets.xcassets */ = {isa = PBXFileReference; lastKnownFileType = folder.assetcatalog; path = Assets.xcassets; sourceTree = "<group>"; };
		D591A30D2868CF38004BB5AD /* ProjectFox_1 WatchKit Extension.appex */ = {isa = PBXFileReference; explicitFileType = "wrapper.app-extension"; includeInIndex = 0; path = "ProjectFox_1 WatchKit Extension.appex"; sourceTree = BUILT_PRODUCTS_DIR; };
		D591A3122868CF38004BB5AD /* InterfaceController.swift */ = {isa = PBXFileReference; lastKnownFileType = sourcecode.swift; path = InterfaceController.swift; sourceTree = "<group>"; };
		D591A3142868CF38004BB5AD /* ExtensionDelegate.swift */ = {isa = PBXFileReference; lastKnownFileType = sourcecode.swift; path = ExtensionDelegate.swift; sourceTree = "<group>"; };
		D591A3162868CF38004BB5AD /* NotificationController.swift */ = {isa = PBXFileReference; lastKnownFileType = sourcecode.swift; path = NotificationController.swift; sourceTree = "<group>"; };
		D591A3182868CF38004BB5AD /* ComplicationController.swift */ = {isa = PBXFileReference; lastKnownFileType = sourcecode.swift; path = ComplicationController.swift; sourceTree = "<group>"; };
		D591A31A2868CF3A004BB5AD /* Assets.xcassets */ = {isa = PBXFileReference; lastKnownFileType = folder.assetcatalog; path = Assets.xcassets; sourceTree = "<group>"; };
		D591A31C2868CF3A004BB5AD /* Info.plist */ = {isa = PBXFileReference; lastKnownFileType = text.plist.xml; path = Info.plist; sourceTree = "<group>"; };
		D591A31D2868CF3A004BB5AD /* PushNotificationPayload.apns */ = {isa = PBXFileReference; lastKnownFileType = text; path = PushNotificationPayload.apns; sourceTree = "<group>"; };
/* End PBXFileReference section */

/* Begin PBXFrameworksBuildPhase section */
		D591A30A2868CF38004BB5AD /* Frameworks */ = {
			isa = PBXFrameworksBuildPhase;
			buildActionMask = 2147483647;
			files = (
			);
			runOnlyForDeploymentPostprocessing = 0;
		};
/* End PBXFrameworksBuildPhase section */

/* Begin PBXGroup section */
		D591A2F42868CF37004BB5AD = {
			isa = PBXGroup;
			children = (
				D591A3032868CF37004BB5AD /* ProjectFox_1 WatchKit App */,
				D591A3112868CF38004BB5AD /* ProjectFox_1 WatchKit Extension */,
				D591A2FC2868CF37004BB5AD /* Products */,
			);
			sourceTree = "<group>";
		};
		D591A2FC2868CF37004BB5AD /* Products */ = {
			isa = PBXGroup;
			children = (
				D591A2FB2868CF37004BB5AD /* ProjectFox_1.app */,
				D591A2FF2868CF37004BB5AD /* ProjectFox_1 WatchKit App.app */,
				D591A30D2868CF38004BB5AD /* ProjectFox_1 WatchKit Extension.appex */,
			);
			name = Products;
			sourceTree = "<group>";
		};
		D591A3032868CF37004BB5AD /* ProjectFox_1 WatchKit App */ = {
			isa = PBXGroup;
			children = (
				D591A3042868CF37004BB5AD /* Interface.storyboard */,
				D591A3072868CF38004BB5AD /* Assets.xcassets */,
			);
			path = "ProjectFox_1 WatchKit App";
			sourceTree = "<group>";
		};
		D591A3112868CF38004BB5AD /* ProjectFox_1 WatchKit Extension */ = {
			isa = PBXGroup;
			children = (
				D591A3122868CF38004BB5AD /* InterfaceController.swift */,
				D591A3142868CF38004BB5AD /* ExtensionDelegate.swift */,
				D591A3162868CF38004BB5AD /* NotificationController.swift */,
				D591A3182868CF38004BB5AD /* ComplicationController.swift */,
				D591A31A2868CF3A004BB5AD /* Assets.xcassets */,
				D591A31C2868CF3A004BB5AD /* Info.plist */,
				D591A31D2868CF3A004BB5AD /* PushNotificationPayload.apns */,
			);
			path = "ProjectFox_1 WatchKit Extension";
			sourceTree = "<group>";
		};
/* End PBXGroup section */

/* Begin PBXNativeTarget section */
		D591A2FA2868CF37004BB5AD /* ProjectFox_1 */ = {
			isa = PBXNativeTarget;
			buildConfigurationList = D591A3282868CF3A004BB5AD /* Build configuration list for PBXNativeTarget "ProjectFox_1" */;
			buildPhases = (
				D591A2F92868CF37004BB5AD /* Resources */,
				D591A3272868CF3A004BB5AD /* Embed Watch Content */,
			);
			buildRules = (
			);
			dependencies = (
				D591A3022868CF37004BB5AD /* PBXTargetDependency */,
			);
			name = ProjectFox_1;
			productName = ProjectFox_1;
			productReference = D591A2FB2868CF37004BB5AD /* ProjectFox_1.app */;
			productType = "com.apple.product-type.application.watchapp2-container";
		};
		D591A2FE2868CF37004BB5AD /* ProjectFox_1 WatchKit App */ = {
			isa = PBXNativeTarget;
			buildConfigurationList = D591A3242868CF3A004BB5AD /* Build configuration list for PBXNativeTarget "ProjectFox_1 WatchKit App" */;
			buildPhases = (
				D591A2FD2868CF37004BB5AD /* Resources */,
				D591A3232868CF3A004BB5AD /* Embed App Extensions */,
			);
			buildRules = (
			);
			dependencies = (
				D591A3102868CF38004BB5AD /* PBXTargetDependency */,
			);
			name = "ProjectFox_1 WatchKit App";
			productName = "ProjectFox_1 WatchKit App";
			productReference = D591A2FF2868CF37004BB5AD /* ProjectFox_1 WatchKit App.app */;
			productType = "com.apple.product-type.application.watchapp2";
		};
		D591A30C2868CF38004BB5AD /* ProjectFox_1 WatchKit Extension */ = {
			isa = PBXNativeTarget;
			buildConfigurationList = D591A3202868CF3A004BB5AD /* Build configuration list for PBXNativeTarget "ProjectFox_1 WatchKit Extension" */;
			buildPhases = (
				D591A3092868CF38004BB5AD /* Sources */,
				D591A30A2868CF38004BB5AD /* Frameworks */,
				D591A30B2868CF38004BB5AD /* Resources */,
			);
			buildRules = (
			);
			dependencies = (
			);
			name = "ProjectFox_1 WatchKit Extension";
			productName = "ProjectFox_1 WatchKit Extension";
			productReference = D591A30D2868CF38004BB5AD /* ProjectFox_1 WatchKit Extension.appex */;
			productType = "com.apple.product-type.watchkit2-extension";
		};
/* End PBXNativeTarget section */

/* Begin PBXProject section */
		D591A2F52868CF37004BB5AD /* Project object */ = {
			isa = PBXProject;
			attributes = {
				BuildIndependentTargetsInParallel = 1;
				LastSwiftUpdateCheck = 1340;
				LastUpgradeCheck = 1340;
				TargetAttributes = {
					D591A2FA2868CF37004BB5AD = {
						CreatedOnToolsVersion = 13.4.1;
					};
					D591A2FE2868CF37004BB5AD = {
						CreatedOnToolsVersion = 13.4.1;
					};
					D591A30C2868CF38004BB5AD = {
						CreatedOnToolsVersion = 13.4.1;
					};
				};
			};
			buildConfigurationList = D591A2F82868CF37004BB5AD /* Build configuration list for PBXProject "ProjectFox_1" */;
			compatibilityVersion = "Xcode 13.0";
			developmentRegion = en;
			hasScannedForEncodings = 0;
			knownRegions = (
				en,
				Base,
			);
			mainGroup = D591A2F42868CF37004BB5AD;
			productRefGroup = D591A2FC2868CF37004BB5AD /* Products */;
			projectDirPath = "";
			projectRoot = "";
			targets = (
				D591A2FA2868CF37004BB5AD /* ProjectFox_1 */,
				D591A2FE2868CF37004BB5AD /* ProjectFox_1 WatchKit App */,
				D591A30C2868CF38004BB5AD /* ProjectFox_1 WatchKit Extension */,
			);
		};
/* End PBXProject section */

/* Begin PBXResourcesBuildPhase section */
		D591A2F92868CF37004BB5AD /* Resources */ = {
			isa = PBXResourcesBuildPhase;
			buildActionMask = 2147483647;
			files = (
			);
			runOnlyForDeploymentPostprocessing = 0;
		};
		D591A2FD2868CF37004BB5AD /* Resources */ = {
			isa = PBXResourcesBuildPhase;
			buildActionMask = 2147483647;
			files = (
				D591A3082868CF38004BB5AD /* Assets.xcassets in Resources */,
				D591A3062868CF37004BB5AD /* Interface.storyboard in Resources */,
			);
			runOnlyForDeploymentPostprocessing = 0;
		};
		D591A30B2868CF38004BB5AD /* Resources */ = {
			isa = PBXResourcesBuildPhase;
			buildActionMask = 2147483647;
			files = (
				D591A31B2868CF3A004BB5AD /* Assets.xcassets in Resources */,
			);
			runOnlyForDeploymentPostprocessing = 0;
		};
/* End PBXResourcesBuildPhase section */

/* Begin PBXSourcesBuildPhase section */
		D591A3092868CF38004BB5AD /* Sources */ = {
			isa = PBXSourcesBuildPhase;
			buildActionMask = 2147483647;
			files = (
				D591A3172868CF38004BB5AD /* NotificationController.swift in Sources */,
				D591A3192868CF38004BB5AD /* ComplicationController.swift in Sources */,
				D591A3152868CF38004BB5AD /* ExtensionDelegate.swift in Sources */,
				D591A3132868CF38004BB5AD /* InterfaceController.swift in Sources */,
			);
			runOnlyForDeploymentPostprocessing = 0;
		};
/* End PBXSourcesBuildPhase section */

/* Begin PBXTargetDependency section */
		D591A3022868CF37004BB5AD /* PBXTargetDependency */ = {
			isa = PBXTargetDependency;
			target = D591A2FE2868CF37004BB5AD /* ProjectFox_1 WatchKit App */;
			targetProxy = D591A3012868CF37004BB5AD /* PBXContainerItemProxy */;
		};
		D591A3102868CF38004BB5AD /* PBXTargetDependency */ = {
			isa = PBXTargetDependency;
			target = D591A30C2868CF38004BB5AD /* ProjectFox_1 WatchKit Extension */;
			targetProxy = D591A30F2868CF38004BB5AD /* PBXContainerItemProxy */;
		};
/* End PBXTargetDependency section */

/* Begin PBXVariantGroup section */
		D591A3042868CF37004BB5AD /* Interface.storyboard */ = {
			isa = PBXVariantGroup;
			children = (
				D591A3052868CF37004BB5AD /* Base */,
			);
			name = Interface.storyboard;
			sourceTree = "<group>";
		};
/* End PBXVariantGroup section */

/* Begin XCBuildConfiguration section */
		D591A31E2868CF3A004BB5AD /* Debug */ = {
			isa = XCBuildConfiguration;
			buildSettings = {
				ALWAYS_SEARCH_USER_PATHS = NO;
				CLANG_ANALYZER_NONNULL = YES;
				CLANG_ANALYZER_NUMBER_OBJECT_CONVERSION = YES_AGGRESSIVE;
				CLANG_CXX_LANGUAGE_STANDARD = "gnu++17";
				CLANG_ENABLE_MODULES = YES;
				CLANG_ENABLE_OBJC_ARC = YES;
				CLANG_ENABLE_OBJC_WEAK = YES;
				CLANG_WARN_BLOCK_CAPTURE_AUTORELEASING = YES;
				CLANG_WARN_BOOL_CONVERSION = YES;
				CLANG_WARN_COMMA = YES;
				CLANG_WARN_CONSTANT_CONVERSION = YES;
				CLANG_WARN_DEPRECATED_OBJC_IMPLEMENTATIONS = YES;
				CLANG_WARN_DIRECT_OBJC_ISA_USAGE = YES_ERROR;
				CLANG_WARN_DOCUMENTATION_COMMENTS = YES;
				CLANG_WARN_EMPTY_BODY = YES;
				CLANG_WARN_ENUM_CONVERSION = YES;
				CLANG_WARN_INFINITE_RECURSION = YES;
				CLANG_WARN_INT_CONVERSION = YES;
				CLANG_WARN_NON_LITERAL_NULL_CONVERSION = YES;
				CLANG_WARN_OBJC_IMPLICIT_RETAIN_SELF = YES;
				CLANG_WARN_OBJC_LITERAL_CONVERSION = YES;
				CLANG_WARN_OBJC_ROOT_CLASS = YES_ERROR;
				CLANG_WARN_QUOTED_INCLUDE_IN_FRAMEWORK_HEADER = YES;
				CLANG_WARN_RANGE_LOOP_ANALYSIS = YES;
				CLANG_WARN_STRICT_PROTOTYPES = YES;
				CLANG_WARN_SUSPICIOUS_MOVE = YES;
				CLANG_WARN_UNGUARDED_AVAILABILITY = YES_AGGRESSIVE;
				CLANG_WARN_UNREACHABLE_CODE = YES;
				CLANG_WARN__DUPLICATE_METHOD_MATCH = YES;
				COPY_PHASE_STRIP = NO;
				DEBUG_INFORMATION_FORMAT = dwarf;
				ENABLE_STRICT_OBJC_MSGSEND = YES;
				ENABLE_TESTABILITY = YES;
				GCC_C_LANGUAGE_STANDARD = gnu11;
				GCC_DYNAMIC_NO_PIC = NO;
				GCC_NO_COMMON_BLOCKS = YES;
				GCC_OPTIMIZATION_LEVEL = 0;
				GCC_PREPROCESSOR_DEFINITIONS = (
					"DEBUG=1",
					"$(inherited)",
				);
				GCC_WARN_64_TO_32_BIT_CONVERSION = YES;
				GCC_WARN_ABOUT_RETURN_TYPE = YES_ERROR;
				GCC_WARN_UNDECLARED_SELECTOR = YES;
				GCC_WARN_UNINITIALIZED_AUTOS = YES_AGGRESSIVE;
				GCC_WARN_UNUSED_FUNCTION = YES;
				GCC_WARN_UNUSED_VARIABLE = YES;
				MTL_ENABLE_DEBUG_INFO = INCLUDE_SOURCE;
				MTL_FAST_MATH = YES;
				ONLY_ACTIVE_ARCH = YES;
				SDKROOT = iphoneos;
				SWIFT_ACTIVE_COMPILATION_CONDITIONS = DEBUG;
				SWIFT_OPTIMIZATION_LEVEL = "-Onone";
			};
			name = Debug;
		};
		D591A31F2868CF3A004BB5AD /* Release */ = {
			isa = XCBuildConfiguration;
			buildSettings = {
				ALWAYS_SEARCH_USER_PATHS = NO;
				CLANG_ANALYZER_NONNULL = YES;
				CLANG_ANALYZER_NUMBER_OBJECT_CONVERSION = YES_AGGRESSIVE;
				CLANG_CXX_LANGUAGE_STANDARD = "gnu++17";
				CLANG_ENABLE_MODULES = YES;
				CLANG_ENABLE_OBJC_ARC = YES;
				CLANG_ENABLE_OBJC_WEAK = YES;
				CLANG_WARN_BLOCK_CAPTURE_AUTORELEASING = YES;
				CLANG_WARN_BOOL_CONVERSION = YES;
				CLANG_WARN_COMMA = YES;
				CLANG_WARN_CONSTANT_CONVERSION = YES;
				CLANG_WARN_DEPRECATED_OBJC_IMPLEMENTATIONS = YES;
				CLANG_WARN_DIRECT_OBJC_ISA_USAGE = YES_ERROR;
				CLANG_WARN_DOCUMENTATION_COMMENTS = YES;
				CLANG_WARN_EMPTY_BODY = YES;
				CLANG_WARN_ENUM_CONVERSION = YES;
				CLANG_WARN_INFINITE_RECURSION = YES;
				CLANG_WARN_INT_CONVERSION = YES;
				CLANG_WARN_NON_LITERAL_NULL_CONVERSION = YES;
				CLANG_WARN_OBJC_IMPLICIT_RETAIN_SELF = YES;
				CLANG_WARN_OBJC_LITERAL_CONVERSION = YES;
				CLANG_WARN_OBJC_ROOT_CLASS = YES_ERROR;
				CLANG_WARN_QUOTED_INCLUDE_IN_FRAMEWORK_HEADER = YES;
				CLANG_WARN_RANGE_LOOP_ANALYSIS = YES;
				CLANG_WARN_STRICT_PROTOTYPES = YES;
				CLANG_WARN_SUSPICIOUS_MOVE = YES;
				CLANG_WARN_UNGUARDED_AVAILABILITY = YES_AGGRESSIVE;
				CLANG_WARN_UNREACHABLE_CODE = YES;
				CLANG_WARN__DUPLICATE_METHOD_MATCH = YES;
				COPY_PHASE_STRIP = NO;
				DEBUG_INFORMATION_FORMAT = "dwarf-with-dsym";
				ENABLE_NS_ASSERTIONS = NO;
				ENABLE_STRICT_OBJC_MSGSEND = YES;
				GCC_C_LANGUAGE_STANDARD = gnu11;
				GCC_NO_COMMON_BLOCKS = YES;
				GCC_WARN_64_TO_32_BIT_CONVERSION = YES;
				GCC_WARN_ABOUT_RETURN_TYPE = YES_ERROR;
				GCC_WARN_UNDECLARED_SELECTOR = YES;
				GCC_WARN_UNINITIALIZED_AUTOS = YES_AGGRESSIVE;
				GCC_WARN_UNUSED_FUNCTION = YES;
				GCC_WARN_UNUSED_VARIABLE = YES;
				MTL_ENABLE_DEBUG_INFO = NO;
				MTL_FAST_MATH = YES;
				SDKROOT = iphoneos;
				SWIFT_COMPILATION_MODE = wholemodule;
				SWIFT_OPTIMIZATION_LEVEL = "-O";
				VALIDATE_PRODUCT = YES;
			};
			name = Release;
		};
		D591A3212868CF3A004BB5AD /* Debug */ = {
			isa = XCBuildConfiguration;
			buildSettings = {
				ASSETCATALOG_COMPILER_COMPLICATION_NAME = Complication;
				CODE_SIGN_STYLE = Automatic;
				CURRENT_PROJECT_VERSION = 1;
				DEVELOPMENT_TEAM = 339H39SFM9;
				GENERATE_INFOPLIST_FILE = YES;
				INFOPLIST_FILE = "ProjectFox_1 WatchKit Extension/Info.plist";
				INFOPLIST_KEY_CFBundleDisplayName = "ProjectFox_1 WatchKit Extension";
				INFOPLIST_KEY_CLKComplicationPrincipalClass = "$(PRODUCT_MODULE_NAME).ComplicationController";
				INFOPLIST_KEY_NSHumanReadableCopyright = "";
				INFOPLIST_KEY_WKExtensionDelegateClassName = "$(PRODUCT_MODULE_NAME).ExtensionDelegate";
				INFOPLIST_KEY_WKWatchOnly = YES;
				LD_RUNPATH_SEARCH_PATHS = (
					"$(inherited)",
					"@executable_path/Frameworks",
					"@executable_path/../../Frameworks",
				);
				MARKETING_VERSION = 1.0;
				PRODUCT_BUNDLE_IDENTIFIER = "zellis.ProjectFox-1.watchkitapp.watchkitextension";
				PRODUCT_NAME = "${TARGET_NAME}";
				SDKROOT = watchos;
				SKIP_INSTALL = YES;
				SWIFT_EMIT_LOC_STRINGS = YES;
				SWIFT_VERSION = 5.0;
				TARGETED_DEVICE_FAMILY = 4;
				WATCHOS_DEPLOYMENT_TARGET = 8.5;
			};
			name = Debug;
		};
		D591A3222868CF3A004BB5AD /* Release */ = {
			isa = XCBuildConfiguration;
			buildSettings = {
				ASSETCATALOG_COMPILER_COMPLICATION_NAME = Complication;
				CODE_SIGN_STYLE = Automatic;
				CURRENT_PROJECT_VERSION = 1;
				DEVELOPMENT_TEAM = 339H39SFM9;
				GENERATE_INFOPLIST_FILE = YES;
				INFOPLIST_FILE = "ProjectFox_1 WatchKit Extension/Info.plist";
				INFOPLIST_KEY_CFBundleDisplayName = "ProjectFox_1 WatchKit Extension";
				INFOPLIST_KEY_CLKComplicationPrincipalClass = "$(PRODUCT_MODULE_NAME).ComplicationController";
				INFOPLIST_KEY_NSHumanReadableCopyright = "";
				INFOPLIST_KEY_WKExtensionDelegateClassName = "$(PRODUCT_MODULE_NAME).ExtensionDelegate";
				INFOPLIST_KEY_WKWatchOnly = YES;
				LD_RUNPATH_SEARCH_PATHS = (
					"$(inherited)",
					"@executable_path/Frameworks",
					"@executable_path/../../Frameworks",
				);
				MARKETING_VERSION = 1.0;
				PRODUCT_BUNDLE_IDENTIFIER = "zellis.ProjectFox-1.watchkitapp.watchkitextension";
				PRODUCT_NAME = "${TARGET_NAME}";
				SDKROOT = watchos;
				SKIP_INSTALL = YES;
				SWIFT_EMIT_LOC_STRINGS = YES;
				SWIFT_VERSION = 5.0;
				TARGETED_DEVICE_FAMILY = 4;
				WATCHOS_DEPLOYMENT_TARGET = 8.5;
			};
			name = Release;
		};
		D591A3252868CF3A004BB5AD /* Debug */ = {
			isa = XCBuildConfiguration;
			buildSettings = {
				ALWAYS_EMBED_SWIFT_STANDARD_LIBRARIES = YES;
				ASSETCATALOG_COMPILER_APPICON_NAME = AppIcon;
				ASSETCATALOG_COMPILER_GLOBAL_ACCENT_COLOR_NAME = AccentColor;
				CODE_SIGN_STYLE = Automatic;
				CURRENT_PROJECT_VERSION = 1;
				DEVELOPMENT_TEAM = 339H39SFM9;
				GENERATE_INFOPLIST_FILE = YES;
				IBSC_MODULE = ProjectFox_1_WatchKit_Extension;
				INFOPLIST_KEY_CFBundleDisplayName = "ProjectFox_1 WatchKit App";
				INFOPLIST_KEY_UISupportedInterfaceOrientations = "UIInterfaceOrientationPortrait UIInterfaceOrientationPortraitUpsideDown";
				MARKETING_VERSION = 1.0;
				PRODUCT_BUNDLE_IDENTIFIER = "zellis.ProjectFox-1.watchkitapp";
				PRODUCT_NAME = "$(TARGET_NAME)";
				SDKROOT = watchos;
				SKIP_INSTALL = YES;
				SWIFT_EMIT_LOC_STRINGS = YES;
				SWIFT_VERSION = 5.0;
				TARGETED_DEVICE_FAMILY = 4;
				WATCHOS_DEPLOYMENT_TARGET = 8.5;
			};
			name = Debug;
		};
		D591A3262868CF3A004BB5AD /* Release */ = {
			isa = XCBuildConfiguration;
			buildSettings = {
				ALWAYS_EMBED_SWIFT_STANDARD_LIBRARIES = YES;
				ASSETCATALOG_COMPILER_APPICON_NAME = AppIcon;
				ASSETCATALOG_COMPILER_GLOBAL_ACCENT_COLOR_NAME = AccentColor;
				CODE_SIGN_STYLE = Automatic;
				CURRENT_PROJECT_VERSION = 1;
				DEVELOPMENT_TEAM = 339H39SFM9;
				GENERATE_INFOPLIST_FILE = YES;
				IBSC_MODULE = ProjectFox_1_WatchKit_Extension;
				INFOPLIST_KEY_CFBundleDisplayName = "ProjectFox_1 WatchKit App";
				INFOPLIST_KEY_UISupportedInterfaceOrientations = "UIInterfaceOrientationPortrait UIInterfaceOrientationPortraitUpsideDown";
				MARKETING_VERSION = 1.0;
				PRODUCT_BUNDLE_IDENTIFIER = "zellis.ProjectFox-1.watchkitapp";
				PRODUCT_NAME = "$(TARGET_NAME)";
				SDKROOT = watchos;
				SKIP_INSTALL = YES;
				SWIFT_EMIT_LOC_STRINGS = YES;
				SWIFT_VERSION = 5.0;
				TARGETED_DEVICE_FAMILY = 4;
				WATCHOS_DEPLOYMENT_TARGET = 8.5;
			};
			name = Release;
		};
		D591A3292868CF3A004BB5AD /* Debug */ = {
			isa = XCBuildConfiguration;
			buildSettings = {
				CODE_SIGN_STYLE = Automatic;
				CURRENT_PROJECT_VERSION = 1;
				DEVELOPMENT_TEAM = 339H39SFM9;
				MARKETING_VERSION = 1.0;
				PRODUCT_BUNDLE_IDENTIFIER = "zellis.ProjectFox-1";
				PRODUCT_NAME = "$(TARGET_NAME)";
				SWIFT_VERSION = 5.0;
			};
			name = Debug;
		};
		D591A32A2868CF3A004BB5AD /* Release */ = {
			isa = XCBuildConfiguration;
			buildSettings = {
				CODE_SIGN_STYLE = Automatic;
				CURRENT_PROJECT_VERSION = 1;
				DEVELOPMENT_TEAM = 339H39SFM9;
				MARKETING_VERSION = 1.0;
				PRODUCT_BUNDLE_IDENTIFIER = "zellis.ProjectFox-1";
				PRODUCT_NAME = "$(TARGET_NAME)";
				SWIFT_VERSION = 5.0;
			};
			name = Release;
		};
/* End XCBuildConfiguration section */

/* Begin XCConfigurationList section */
		D591A2F82868CF37004BB5AD /* Build configuration list for PBXProject "ProjectFox_1" */ = {
			isa = XCConfigurationList;
			buildConfigurations = (
				D591A31E2868CF3A004BB5AD /* Debug */,
				D591A31F2868CF3A004BB5AD /* Release */,
			);
			defaultConfigurationIsVisible = 0;
			defaultConfigurationName = Release;
		};
		D591A3202868CF3A004BB5AD /* Build configuration list for PBXNativeTarget "ProjectFox_1 WatchKit Extension" */ = {
			isa = XCConfigurationList;
			buildConfigurations = (
				D591A3212868CF3A004BB5AD /* Debug */,
				D591A3222868CF3A004BB5AD /* Release */,
			);
			defaultConfigurationIsVisible = 0;
			defaultConfigurationName = Release;
		};
		D591A3242868CF3A004BB5AD /* Build configuration list for PBXNativeTarget "ProjectFox_1 WatchKit App" */ = {
			isa = XCConfigurationList;
			buildConfigurations = (
				D591A3252868CF3A004BB5AD /* Debug */,
				D591A3262868CF3A004BB5AD /* Release */,
			);
			defaultConfigurationIsVisible = 0;
			defaultConfigurationName = Release;
		};
		D591A3282868CF3A004BB5AD /* Build configuration list for PBXNativeTarget "ProjectFox_1" */ = {
			isa = XCConfigurationList;
			buildConfigurations = (
				D591A3292868CF3A004BB5AD /* Debug */,
				D591A32A2868CF3A004BB5AD /* Release */,
			);
			defaultConfigurationIsVisible = 0;
			defaultConfigurationName = Release;
		};
/* End XCConfigurationList section */
	};
	rootObject = D591A2F52868CF37004BB5AD /* Project object */;
}
